Microsoft Visual Studio Solution File, Format Version 12.00
# Visual Studio Version 17
VisualStudioVersion = 17.5.2.0
MinimumVisualStudioVersion = 10.0.40219.1
Project("{FAE04EC0-301F-11D3-BF4B-00C04F79EFBC}") = "CelularDIO", "CelularDIO.csproj", "{042309D1-E723-15DA-3BB2-42D3FACBD075}"
EndProject
Global
	GlobalSection(SolutionConfigurationPlatforms) = preSolution
		Debug|Any CPU = Debug|Any CPU
		Release|Any CPU = Release|Any CPU
	EndGlobalSection
	GlobalSection(ProjectConfigurationPlatforms) = postSolution
		{042309D1-E723-15DA-3BB2-42D3FACBD075}.Debug|Any CPU.ActiveCfg = Debug|Any CPU
		{042309D1-E723-15DA-3BB2-42D3FACBD075}.Debug|Any CPU.Build.0 = Debug|Any CPU
		{042309D1-E723-15DA-3BB2-42D3FACBD075}.Release|Any CPU.ActiveCfg = Release|Any CPU
		{042309D1-E723-15DA-3BB2-42D3FACBD075}.Release|Any CPU.Build.0 = Release|Any CPU
	EndGlobalSection
	GlobalSection(SolutionProperties) = preSolution
		HideSolutionNode = FALSE
	EndGlobalSection
	GlobalSection(ExtensibilityGlobals) = postSolution
		SolutionGuid = {D05DA8B3-CA2C-4A95-944C-0D67751EE5B3}
	EndGlobalSection
EndGlobal
